
Microsoft Visual Studio Solution File, Format Version 10.00
# Visual Studio 2008
Project("{8BC9CEB8-8B4A-11D0-8D11-00A0C91BC942}") = "CrapParser", "CrapParser\CrapParser.vcproj", "{D93D5FA9-1D40-4979-B825-9F40E456120D}"
EndProject
Global
	GlobalSection(SolutionConfigurationPlatforms) = preSolution
		Debug|Win32 = Debug|Win32
		Release|Win32 = Release|Win32
	EndGlobalSection
	GlobalSection(ProjectConfigurationPlatforms) = postSolution
		{D93D5FA9-1D40-4979-B825-9F40E456120D}.Debug|Win32.ActiveCfg = Debug|Win32
		{D93D5FA9-1D40-4979-B825-9F40E456120D}.Debug|Win32.Build.0 = Debug|Win32
		{D93D5FA9-1D40-4979-B825-9F40E456120D}.Release|Win32.ActiveCfg = Release|Win32
		{D93D5FA9-1D40-4979-B825-9F40E456120D}.Release|Win32.Build.0 = Release|Win32
	EndGlobalSection
	GlobalSection(SolutionProperties) = preSolution
		HideSolutionNode = FALSE
	EndGlobalSection
EndGlobal
